
Microsoft Visual Studio Solution File, Format Version 12.00
# Visual Studio Version 17
VisualStudioVersion = 17.14.36221.1
MinimumVisualStudioVersion = 10.0.40219.1
Project("{FAE04EC0-301F-11D3-BF4B-00C04F79EFBC}") = "Anastasia423", "Anastasia423.csproj", "{CD1D4084-5751-47D2-9309-069A25D9D941}"
EndProject
Project("{FAE04EC0-301F-11D3-BF4B-00C04F79EFBC}") = "ConsoleApp", "ConsoleApp\ConsoleApp.csproj", "{AB3E391E-4BE2-4CB6-A202-EE3F07834E36}"
EndProject
Global
	GlobalSection(SolutionConfigurationPlatforms) = preSolution
		Debug|Any CPU = Debug|Any CPU
		Release|Any CPU = Release|Any CPU
	EndGlobalSection
	GlobalSection(ProjectConfigurationPlatforms) = postSolution
		{CD1D4084-5751-47D2-9309-069A25D9D941}.Debug|Any CPU.ActiveCfg = Debug|Any CPU
		{CD1D4084-5751-47D2-9309-069A25D9D941}.Debug|Any CPU.Build.0 = Debug|Any CPU
		{CD1D4084-5751-47D2-9309-069A25D9D941}.Release|Any CPU.ActiveCfg = Release|Any CPU
		{CD1D4084-5751-47D2-9309-069A25D9D941}.Release|Any CPU.Build.0 = Release|Any CPU
		{AB3E391E-4BE2-4CB6-A202-EE3F07834E36}.Debug|Any CPU.ActiveCfg = Debug|Any CPU
		{AB3E391E-4BE2-4CB6-A202-EE3F07834E36}.Debug|Any CPU.Build.0 = Debug|Any CPU
		{AB3E391E-4BE2-4CB6-A202-EE3F07834E36}.Release|Any CPU.ActiveCfg = Release|Any CPU
		{AB3E391E-4BE2-4CB6-A202-EE3F07834E36}.Release|Any CPU.Build.0 = Release|Any CPU
	EndGlobalSection
	GlobalSection(SolutionProperties) = preSolution
		HideSolutionNode = FALSE
	EndGlobalSection
	GlobalSection(ExtensibilityGlobals) = postSolution
		SolutionGuid = {39D91803-600C-449B-ABBC-20209D903F7A}
	EndGlobalSection
EndGlobal
